// !$*UTF8*$!
{
	archiveVersion = 1;
	classes = {
	};
	objectVersion = 56;
	objects = {

/* Begin PBXBuildFile section */
		6408B0CB2B95EC0F005401F9 /* SpotView.swift in Sources */ = {isa = PBXBuildFile; fileRef = 6408B0C02B95EC0F005401F9 /* SpotView.swift */; };
		6408B0CC2B95EC0F005401F9 /* OperateButton.swift in Sources */ = {isa = PBXBuildFile; fileRef = 6408B0C12B95EC0F005401F9 /* OperateButton.swift */; };
		6408B0CD2B95EC0F005401F9 /* SpotListView.swift in Sources */ = {isa = PBXBuildFile; fileRef = 6408B0C22B95EC0F005401F9 /* SpotListView.swift */; };
		6408B0D02B95EC0F005401F9 /* GoogleMapModel.swift in Sources */ = {isa = PBXBuildFile; fileRef = 6408B0C62B95EC0F005401F9 /* GoogleMapModel.swift */; };
		6408B0D12B95EC0F005401F9 /* ChatGPTResponse.swift in Sources */ = {isa = PBXBuildFile; fileRef = 6408B0C72B95EC0F005401F9 /* ChatGPTResponse.swift */; };
		6408B0D22B95EC0F005401F9 /* ViewModel.swift in Sources */ = {isa = PBXBuildFile; fileRef = 6408B0C82B95EC0F005401F9 /* ViewModel.swift */; };
		6408B0D32B95EC0F005401F9 /* API-TOKEN.csv in Resources */ = {isa = PBXBuildFile; fileRef = 6408B0C92B95EC0F005401F9 /* API-TOKEN.csv */; };
		6408B0D42B95EC0F005401F9 /* ProgressingView.swift in Sources */ = {isa = PBXBuildFile; fileRef = 6408B0CA2B95EC0F005401F9 /* ProgressingView.swift */; };
		6408B0D62B95EC36005401F9 /* .gitignore in Resources */ = {isa = PBXBuildFile; fileRef = 6408B0D52B95EC36005401F9 /* .gitignore */; };
		640DF5842B85EE4C001AE2BA /* HomeView.swift in Sources */ = {isa = PBXBuildFile; fileRef = 640DF5832B85EE4C001AE2BA /* HomeView.swift */; };
		640DF5862B85F5FB001AE2BA /* TagView.swift in Sources */ = {isa = PBXBuildFile; fileRef = 640DF5852B85F5FB001AE2BA /* TagView.swift */; };
		642A10EA2B7F06BC003007A1 /* TagSampleApp.swift in Sources */ = {isa = PBXBuildFile; fileRef = 642A10E92B7F06BC003007A1 /* TagSampleApp.swift */; };
		642A10F12B7F06BD003007A1 /* Preview Assets.xcassets in Resources */ = {isa = PBXBuildFile; fileRef = 642A10F02B7F06BD003007A1 /* Preview Assets.xcassets */; };
		642A10FB2B7F06BD003007A1 /* TagSampleTests.swift in Sources */ = {isa = PBXBuildFile; fileRef = 642A10FA2B7F06BD003007A1 /* TagSampleTests.swift */; };
		642A11052B7F06BD003007A1 /* TagSampleUITests.swift in Sources */ = {isa = PBXBuildFile; fileRef = 642A11042B7F06BD003007A1 /* TagSampleUITests.swift */; };
		642A11072B7F06BD003007A1 /* TagSampleUITestsLaunchTests.swift in Sources */ = {isa = PBXBuildFile; fileRef = 642A11062B7F06BD003007A1 /* TagSampleUITestsLaunchTests.swift */; };
		642A111D2B7F0CF1003007A1 /* ContentView.swift in Sources */ = {isa = PBXBuildFile; fileRef = 642A11172B7F0CF1003007A1 /* ContentView.swift */; };
		642A111E2B7F0CF1003007A1 /* Assets.xcassets in Resources */ = {isa = PBXBuildFile; fileRef = 642A11182B7F0CF1003007A1 /* Assets.xcassets */; };
		642A111F2B7F0CF1003007A1 /* OnBoarding.swift in Sources */ = {isa = PBXBuildFile; fileRef = 642A111A2B7F0CF1003007A1 /* OnBoarding.swift */; };
		642A113A2B8050CD003007A1 /* PageOneView.swift in Sources */ = {isa = PBXBuildFile; fileRef = 642A11392B8050CD003007A1 /* PageOneView.swift */; };
		642A113E2B805152003007A1 /* HomeScreen.swift in Sources */ = {isa = PBXBuildFile; fileRef = 642A113C2B805152003007A1 /* HomeScreen.swift */; };
		642A113F2B805152003007A1 /* DetailScreen.swift in Sources */ = {isa = PBXBuildFile; fileRef = 642A113D2B805152003007A1 /* DetailScreen.swift */; };
		642A11422B823872003007A1 /* PageTwoView.swift in Sources */ = {isa = PBXBuildFile; fileRef = 642A11412B823872003007A1 /* PageTwoView.swift */; };
		642A11472B824371003007A1 /* PageThreeView.swift in Sources */ = {isa = PBXBuildFile; fileRef = 642A11462B824371003007A1 /* PageThreeView.swift */; };
		6473C2E22B976C3400E3535A /* OptionTagView.swift in Sources */ = {isa = PBXBuildFile; fileRef = 6473C2E12B976C3400E3535A /* OptionTagView.swift */; };
		6473C2F22B98C64B00E3535A /* Alamofire in Frameworks */ = {isa = PBXBuildFile; productRef = 6473C2F12B98C64B00E3535A /* Alamofire */; };
		6473C2F42B9949E500E3535A /* SaveButtonView.swift in Sources */ = {isa = PBXBuildFile; fileRef = 6473C2F32B9949E500E3535A /* SaveButtonView.swift */; };
		6473C2FC2B99630500E3535A /* ZenMaruGothic-Bold.ttf in Resources */ = {isa = PBXBuildFile; fileRef = 6473C2F62B99630500E3535A /* ZenMaruGothic-Bold.ttf */; };
		6473C2FD2B99630500E3535A /* ZenMaruGothic-Light.ttf in Resources */ = {isa = PBXBuildFile; fileRef = 6473C2F72B99630500E3535A /* ZenMaruGothic-Light.ttf */; };
		6473C2FE2B99630500E3535A /* ZenMaruGothic-Medium.ttf in Resources */ = {isa = PBXBuildFile; fileRef = 6473C2F82B99630500E3535A /* ZenMaruGothic-Medium.ttf */; };
		6473C2FF2B99630500E3535A /* ZenMaruGothic-Black.ttf in Resources */ = {isa = PBXBuildFile; fileRef = 6473C2F92B99630500E3535A /* ZenMaruGothic-Black.ttf */; };
		6473C3002B99630500E3535A /* ZenMaruGothic-Regular.ttf in Resources */ = {isa = PBXBuildFile; fileRef = 6473C2FA2B99630500E3535A /* ZenMaruGothic-Regular.ttf */; };
		6473C3012B99630500E3535A /* OFL.txt in Resources */ = {isa = PBXBuildFile; fileRef = 6473C2FB2B99630500E3535A /* OFL.txt */; };
		648198602B9AA61A003E15C4 /* EnvironmentData.swift in Sources */ = {isa = PBXBuildFile; fileRef = 6481985F2B9AA61A003E15C4 /* EnvironmentData.swift */; };
		648198622B9CAE61003E15C4 /* TransportView.swift in Sources */ = {isa = PBXBuildFile; fileRef = 648198612B9CAE61003E15C4 /* TransportView.swift */; };
		64DD91AA2BB4513500237137 /* SplashView.swift in Sources */ = {isa = PBXBuildFile; fileRef = 64DD91A92BB4513500237137 /* SplashView.swift */; };
		64DD91AC2BB4521C00237137 /* SplashPage1.swift in Sources */ = {isa = PBXBuildFile; fileRef = 64DD91AB2BB4521C00237137 /* SplashPage1.swift */; };
		64DD91AE2BB4575400237137 /* SplashPage2.swift in Sources */ = {isa = PBXBuildFile; fileRef = 64DD91AD2BB4575400237137 /* SplashPage2.swift */; };
		64DD91B02BB45CAB00237137 /* SplashPage3.swift in Sources */ = {isa = PBXBuildFile; fileRef = 64DD91AF2BB45CAB00237137 /* SplashPage3.swift */; };
		64DD91B32BB45FAA00237137 /* ButtonView.swift in Sources */ = {isa = PBXBuildFile; fileRef = 64DD91B22BB45FAA00237137 /* ButtonView.swift */; };
/* End PBXBuildFile section */

/* Begin PBXContainerItemProxy section */
		642A10F72B7F06BD003007A1 /* PBXContainerItemProxy */ = {
			isa = PBXContainerItemProxy;
			containerPortal = 642A10DE2B7F06BC003007A1 /* Project object */;
			proxyType = 1;
			remoteGlobalIDString = 642A10E52B7F06BC003007A1;
			remoteInfo = TagSample;
		};
		642A11012B7F06BD003007A1 /* PBXContainerItemProxy */ = {
			isa = PBXContainerItemProxy;
			containerPortal = 642A10DE2B7F06BC003007A1 /* Project object */;
			proxyType = 1;
			remoteGlobalIDString = 642A10E52B7F06BC003007A1;
			remoteInfo = TagSample;
		};
/* End PBXContainerItemProxy section */

/* Begin PBXCopyFilesBuildPhase section */
		6473C2EF2B98C51100E3535A /* Embed Frameworks */ = {
			isa = PBXCopyFilesBuildPhase;
			buildActionMask = 2147483647;
			dstPath = "";
			dstSubfolderSpec = 10;
			files = (
			);
			name = "Embed Frameworks";
			runOnlyForDeploymentPostprocessing = 0;
		};
/* End PBXCopyFilesBuildPhase section */

/* Begin PBXFileReference section */
		6408B0C02B95EC0F005401F9 /* SpotView.swift */ = {isa = PBXFileReference; fileEncoding = 4; lastKnownFileType = sourcecode.swift; path = SpotView.swift; sourceTree = "<group>"; };
		6408B0C12B95EC0F005401F9 /* OperateButton.swift */ = {isa = PBXFileReference; fileEncoding = 4; lastKnownFileType = sourcecode.swift; path = OperateButton.swift; sourceTree = "<group>"; };
		6408B0C22B95EC0F005401F9 /* SpotListView.swift */ = {isa = PBXFileReference; fileEncoding = 4; lastKnownFileType = sourcecode.swift; path = SpotListView.swift; sourceTree = "<group>"; };
		6408B0C62B95EC0F005401F9 /* GoogleMapModel.swift */ = {isa = PBXFileReference; fileEncoding = 4; lastKnownFileType = sourcecode.swift; path = GoogleMapModel.swift; sourceTree = "<group>"; };
		6408B0C72B95EC0F005401F9 /* ChatGPTResponse.swift */ = {isa = PBXFileReference; fileEncoding = 4; lastKnownFileType = sourcecode.swift; path = ChatGPTResponse.swift; sourceTree = "<group>"; };
		6408B0C82B95EC0F005401F9 /* ViewModel.swift */ = {isa = PBXFileReference; fileEncoding = 4; lastKnownFileType = sourcecode.swift; path = ViewModel.swift; sourceTree = "<group>"; };
		6408B0C92B95EC0F005401F9 /* API-TOKEN.csv */ = {isa = PBXFileReference; fileEncoding = 4; lastKnownFileType = text; path = "API-TOKEN.csv"; sourceTree = "<group>"; };
		6408B0CA2B95EC0F005401F9 /* ProgressingView.swift */ = {isa = PBXFileReference; fileEncoding = 4; lastKnownFileType = sourcecode.swift; path = ProgressingView.swift; sourceTree = "<group>"; };
		6408B0D52B95EC36005401F9 /* .gitignore */ = {isa = PBXFileReference; fileEncoding = 4; lastKnownFileType = text; path = .gitignore; sourceTree = "<group>"; };
		640DF5832B85EE4C001AE2BA /* HomeView.swift */ = {isa = PBXFileReference; lastKnownFileType = sourcecode.swift; path = HomeView.swift; sourceTree = "<group>"; };
		640DF5852B85F5FB001AE2BA /* TagView.swift */ = {isa = PBXFileReference; fileEncoding = 4; lastKnownFileType = sourcecode.swift; path = TagView.swift; sourceTree = "<group>"; };
		642A10E62B7F06BC003007A1 /* TagSample.app */ = {isa = PBXFileReference; explicitFileType = wrapper.application; includeInIndex = 0; path = TagSample.app; sourceTree = BUILT_PRODUCTS_DIR; };
		642A10E92B7F06BC003007A1 /* TagSampleApp.swift */ = {isa = PBXFileReference; lastKnownFileType = sourcecode.swift; path = TagSampleApp.swift; sourceTree = "<group>"; };
		642A10F02B7F06BD003007A1 /* Preview Assets.xcassets */ = {isa = PBXFileReference; lastKnownFileType = folder.assetcatalog; path = "Preview Assets.xcassets"; sourceTree = "<group>"; };
		642A10F62B7F06BD003007A1 /* TagSampleTests.xctest */ = {isa = PBXFileReference; explicitFileType = wrapper.cfbundle; includeInIndex = 0; path = TagSampleTests.xctest; sourceTree = BUILT_PRODUCTS_DIR; };
		642A10FA2B7F06BD003007A1 /* TagSampleTests.swift */ = {isa = PBXFileReference; lastKnownFileType = sourcecode.swift; path = TagSampleTests.swift; sourceTree = "<group>"; };
		642A11002B7F06BD003007A1 /* TagSampleUITests.xctest */ = {isa = PBXFileReference; explicitFileType = wrapper.cfbundle; includeInIndex = 0; path = TagSampleUITests.xctest; sourceTree = BUILT_PRODUCTS_DIR; };
		642A11042B7F06BD003007A1 /* TagSampleUITests.swift */ = {isa = PBXFileReference; lastKnownFileType = sourcecode.swift; path = TagSampleUITests.swift; sourceTree = "<group>"; };
		642A11062B7F06BD003007A1 /* TagSampleUITestsLaunchTests.swift */ = {isa = PBXFileReference; lastKnownFileType = sourcecode.swift; path = TagSampleUITestsLaunchTests.swift; sourceTree = "<group>"; };
		642A11172B7F0CF1003007A1 /* ContentView.swift */ = {isa = PBXFileReference; fileEncoding = 4; lastKnownFileType = sourcecode.swift; name = ContentView.swift; path = "../../../../../Downloads/SwiftUI-OnBoarding-Screen-Animation-main/Shared/ContentView.swift"; sourceTree = "<group>"; };
		642A11182B7F0CF1003007A1 /* Assets.xcassets */ = {isa = PBXFileReference; lastKnownFileType = folder.assetcatalog; name = Assets.xcassets; path = "../../../../../Downloads/SwiftUI-OnBoarding-Screen-Animation-main/Shared/Assets.xcassets"; sourceTree = "<group>"; };
		642A111A2B7F0CF1003007A1 /* OnBoarding.swift */ = {isa = PBXFileReference; fileEncoding = 4; lastKnownFileType = sourcecode.swift; path = OnBoarding.swift; sourceTree = "<group>"; };
		642A11392B8050CD003007A1 /* PageOneView.swift */ = {isa = PBXFileReference; lastKnownFileType = sourcecode.swift; path = PageOneView.swift; sourceTree = "<group>"; };
		642A113C2B805152003007A1 /* HomeScreen.swift */ = {isa = PBXFileReference; fileEncoding = 4; lastKnownFileType = sourcecode.swift; path = HomeScreen.swift; sourceTree = "<group>"; };
		642A113D2B805152003007A1 /* DetailScreen.swift */ = {isa = PBXFileReference; fileEncoding = 4; lastKnownFileType = sourcecode.swift; path = DetailScreen.swift; sourceTree = "<group>"; };
		642A11412B823872003007A1 /* PageTwoView.swift */ = {isa = PBXFileReference; lastKnownFileType = sourcecode.swift; path = PageTwoView.swift; sourceTree = "<group>"; };
		642A11462B824371003007A1 /* PageThreeView.swift */ = {isa = PBXFileReference; lastKnownFileType = sourcecode.swift; path = PageThreeView.swift; sourceTree = "<group>"; };
		6473C2E12B976C3400E3535A /* OptionTagView.swift */ = {isa = PBXFileReference; lastKnownFileType = sourcecode.swift; path = OptionTagView.swift; sourceTree = "<group>"; };
		6473C2F32B9949E500E3535A /* SaveButtonView.swift */ = {isa = PBXFileReference; lastKnownFileType = sourcecode.swift; path = SaveButtonView.swift; sourceTree = "<group>"; };
		6473C2F62B99630500E3535A /* ZenMaruGothic-Bold.ttf */ = {isa = PBXFileReference; lastKnownFileType = file; path = "ZenMaruGothic-Bold.ttf"; sourceTree = "<group>"; };
		6473C2F72B99630500E3535A /* ZenMaruGothic-Light.ttf */ = {isa = PBXFileReference; lastKnownFileType = file; path = "ZenMaruGothic-Light.ttf"; sourceTree = "<group>"; };
		6473C2F82B99630500E3535A /* ZenMaruGothic-Medium.ttf */ = {isa = PBXFileReference; lastKnownFileType = file; path = "ZenMaruGothic-Medium.ttf"; sourceTree = "<group>"; };
		6473C2F92B99630500E3535A /* ZenMaruGothic-Black.ttf */ = {isa = PBXFileReference; lastKnownFileType = file; path = "ZenMaruGothic-Black.ttf"; sourceTree = "<group>"; };
		6473C2FA2B99630500E3535A /* ZenMaruGothic-Regular.ttf */ = {isa = PBXFileReference; lastKnownFileType = file; path = "ZenMaruGothic-Regular.ttf"; sourceTree = "<group>"; };
		6473C2FB2B99630500E3535A /* OFL.txt */ = {isa = PBXFileReference; fileEncoding = 4; lastKnownFileType = text; path = OFL.txt; sourceTree = "<group>"; };
		6481985F2B9AA61A003E15C4 /* EnvironmentData.swift */ = {isa = PBXFileReference; lastKnownFileType = sourcecode.swift; path = EnvironmentData.swift; sourceTree = "<group>"; };
		648198612B9CAE61003E15C4 /* TransportView.swift */ = {isa = PBXFileReference; lastKnownFileType = sourcecode.swift; path = TransportView.swift; sourceTree = "<group>"; };
		64DD91A92BB4513500237137 /* SplashView.swift */ = {isa = PBXFileReference; lastKnownFileType = sourcecode.swift; path = SplashView.swift; sourceTree = "<group>"; };
		64DD91AB2BB4521C00237137 /* SplashPage1.swift */ = {isa = PBXFileReference; lastKnownFileType = sourcecode.swift; path = SplashPage1.swift; sourceTree = "<group>"; };
		64DD91AD2BB4575400237137 /* SplashPage2.swift */ = {isa = PBXFileReference; lastKnownFileType = sourcecode.swift; path = SplashPage2.swift; sourceTree = "<group>"; };
		64DD91AF2BB45CAB00237137 /* SplashPage3.swift */ = {isa = PBXFileReference; lastKnownFileType = sourcecode.swift; path = SplashPage3.swift; sourceTree = "<group>"; };
		64DD91B22BB45FAA00237137 /* ButtonView.swift */ = {isa = PBXFileReference; lastKnownFileType = sourcecode.swift; path = ButtonView.swift; sourceTree = "<group>"; };
/* End PBXFileReference section */

/* Begin PBXFrameworksBuildPhase section */
		642A10E32B7F06BC003007A1 /* Frameworks */ = {
			isa = PBXFrameworksBuildPhase;
			buildActionMask = 2147483647;
			files = (
				6473C2F22B98C64B00E3535A /* Alamofire in Frameworks */,
			);
			runOnlyForDeploymentPostprocessing = 0;
		};
		642A10F32B7F06BD003007A1 /* Frameworks */ = {
			isa = PBXFrameworksBuildPhase;
			buildActionMask = 2147483647;
			files = (
			);
			runOnlyForDeploymentPostprocessing = 0;
		};
		642A10FD2B7F06BD003007A1 /* Frameworks */ = {
			isa = PBXFrameworksBuildPhase;
			buildActionMask = 2147483647;
			files = (
			);
			runOnlyForDeploymentPostprocessing = 0;
		};
/* End PBXFrameworksBuildPhase section */

/* Begin PBXGroup section */
		6408B0BD2B95EBCA005401F9 /* APIViews */ = {
			isa = PBXGroup;
			children = (
				6408B0C52B95EC0F005401F9 /* APIsModel */,
				6408B0CA2B95EC0F005401F9 /* ProgressingView.swift */,
				6408B0BE2B95EC0F005401F9 /* SpotList */,
			);
			path = APIViews;
			sourceTree = "<group>";
		};
		6408B0BE2B95EC0F005401F9 /* SpotList */ = {
			isa = PBXGroup;
			children = (
				6408B0C22B95EC0F005401F9 /* SpotListView.swift */,
				6408B0BF2B95EC0F005401F9 /* components */,
			);
			path = SpotList;
			sourceTree = "<group>";
		};
		6408B0BF2B95EC0F005401F9 /* components */ = {
			isa = PBXGroup;
			children = (
				6408B0C02B95EC0F005401F9 /* SpotView.swift */,
				6408B0C12B95EC0F005401F9 /* OperateButton.swift */,
				6473C2E12B976C3400E3535A /* OptionTagView.swift */,
				6473C2F32B9949E500E3535A /* SaveButtonView.swift */,
				648198612B9CAE61003E15C4 /* TransportView.swift */,
			);
			path = components;
			sourceTree = "<group>";
		};
		6408B0C52B95EC0F005401F9 /* APIsModel */ = {
			isa = PBXGroup;
			children = (
				6408B0C62B95EC0F005401F9 /* GoogleMapModel.swift */,
				6408B0C72B95EC0F005401F9 /* ChatGPTResponse.swift */,
				6408B0C82B95EC0F005401F9 /* ViewModel.swift */,
			);
			path = APIsModel;
			sourceTree = "<group>";
		};
		642A10DD2B7F06BC003007A1 = {
			isa = PBXGroup;
			children = (
				642A10E82B7F06BC003007A1 /* TagSample */,
				642A10F92B7F06BD003007A1 /* TagSampleTests */,
				642A11032B7F06BD003007A1 /* TagSampleUITests */,
				642A10E72B7F06BC003007A1 /* Products */,
			);
			sourceTree = "<group>";
		};
		642A10E72B7F06BC003007A1 /* Products */ = {
			isa = PBXGroup;
			children = (
				642A10E62B7F06BC003007A1 /* TagSample.app */,
				642A10F62B7F06BD003007A1 /* TagSampleTests.xctest */,
				642A11002B7F06BD003007A1 /* TagSampleUITests.xctest */,
			);
			name = Products;
			sourceTree = "<group>";
		};
		642A10E82B7F06BC003007A1 /* TagSample */ = {
			isa = PBXGroup;
			children = (
				64DD91A72BB450FE00237137 /* Login */,
				642A10E92B7F06BC003007A1 /* TagSampleApp.swift */,
				6408B0D52B95EC36005401F9 /* .gitignore */,
				642A11182B7F0CF1003007A1 /* Assets.xcassets */,
				6473C2F52B99630500E3535A /* Zen_Maru_Gothic */,
				642A11172B7F0CF1003007A1 /* ContentView.swift */,
				6481985F2B9AA61A003E15C4 /* EnvironmentData.swift */,
				642A113B2B805152003007A1 /* Screens */,
				640DF5832B85EE4C001AE2BA /* HomeView.swift */,
				6408B0C92B95EC0F005401F9 /* API-TOKEN.csv */,
				6408B0BD2B95EBCA005401F9 /* APIViews */,
				642A11192B7F0CF1003007A1 /* View */,
				642A10EF2B7F06BD003007A1 /* Preview Content */,
			);
			path = TagSample;
			sourceTree = "<group>";
		};
		642A10EF2B7F06BD003007A1 /* Preview Content */ = {
			isa = PBXGroup;
			children = (
				642A10F02B7F06BD003007A1 /* Preview Assets.xcassets */,
			);
			path = "Preview Content";
			sourceTree = "<group>";
		};
		642A10F92B7F06BD003007A1 /* TagSampleTests */ = {
			isa = PBXGroup;
			children = (
				642A10FA2B7F06BD003007A1 /* TagSampleTests.swift */,
			);
			path = TagSampleTests;
			sourceTree = "<group>";
		};
		642A11032B7F06BD003007A1 /* TagSampleUITests */ = {
			isa = PBXGroup;
			children = (
				642A11042B7F06BD003007A1 /* TagSampleUITests.swift */,
				642A11062B7F06BD003007A1 /* TagSampleUITestsLaunchTests.swift */,
			);
			path = TagSampleUITests;
			sourceTree = "<group>";
		};
		642A11192B7F0CF1003007A1 /* View */ = {
			isa = PBXGroup;
			children = (
				640DF5852B85F5FB001AE2BA /* TagView.swift */,
				642A11452B824355003007A1 /* page3 */,
				642A11402B82383E003007A1 /* page2 */,
				642A11382B8050A7003007A1 /* page1 */,
				642A111A2B7F0CF1003007A1 /* OnBoarding.swift */,
			);
			path = View;
			sourceTree = "<group>";
		};
		642A11382B8050A7003007A1 /* page1 */ = {
			isa = PBXGroup;
			children = (
				642A11392B8050CD003007A1 /* PageOneView.swift */,
			);
			path = page1;
			sourceTree = "<group>";
		};
		642A113B2B805152003007A1 /* Screens */ = {
			isa = PBXGroup;
			children = (
				642A113C2B805152003007A1 /* HomeScreen.swift */,
				642A113D2B805152003007A1 /* DetailScreen.swift */,
			);
			path = Screens;
			sourceTree = "<group>";
		};
		642A11402B82383E003007A1 /* page2 */ = {
			isa = PBXGroup;
			children = (
				642A11412B823872003007A1 /* PageTwoView.swift */,
			);
			path = page2;
			sourceTree = "<group>";
		};
		642A11452B824355003007A1 /* page3 */ = {
			isa = PBXGroup;
			children = (
				642A11462B824371003007A1 /* PageThreeView.swift */,
			);
			path = page3;
			sourceTree = "<group>";
		};
		6473C2F52B99630500E3535A /* Zen_Maru_Gothic */ = {
			isa = PBXGroup;
			children = (
				6473C2F62B99630500E3535A /* ZenMaruGothic-Bold.ttf */,
				6473C2F72B99630500E3535A /* ZenMaruGothic-Light.ttf */,
				6473C2F82B99630500E3535A /* ZenMaruGothic-Medium.ttf */,
				6473C2F92B99630500E3535A /* ZenMaruGothic-Black.ttf */,
				6473C2FA2B99630500E3535A /* ZenMaruGothic-Regular.ttf */,
				6473C2FB2B99630500E3535A /* OFL.txt */,
			);
			name = Zen_Maru_Gothic;
			path = ../../../../../Downloads/Zen_Maru_Gothic;
			sourceTree = "<group>";
		};
		64DD91A72BB450FE00237137 /* Login */ = {
			isa = PBXGroup;
			children = (
				64DD91A92BB4513500237137 /* SplashView.swift */,
				64DD91A82BB4511000237137 /* Splash */,
			);
			path = Login;
			sourceTree = "<group>";
		};
		64DD91A82BB4511000237137 /* Splash */ = {
			isa = PBXGroup;
			children = (
				64DD91B12BB45F9100237137 /* components */,
				64DD91AB2BB4521C00237137 /* SplashPage1.swift */,
				64DD91AD2BB4575400237137 /* SplashPage2.swift */,
				64DD91AF2BB45CAB00237137 /* SplashPage3.swift */,
			);
			path = Splash;
			sourceTree = "<group>";
		};
		64DD91B12BB45F9100237137 /* components */ = {
			isa = PBXGroup;
			children = (
				64DD91B22BB45FAA00237137 /* ButtonView.swift */,
			);
			path = components;
			sourceTree = "<group>";
		};
/* End PBXGroup section */

/* Begin PBXNativeTarget section */
		642A10E52B7F06BC003007A1 /* TagSample */ = {
			isa = PBXNativeTarget;
			buildConfigurationList = 642A110A2B7F06BD003007A1 /* Build configuration list for PBXNativeTarget "TagSample" */;
			buildPhases = (
				642A10E22B7F06BC003007A1 /* Sources */,
				642A10E32B7F06BC003007A1 /* Frameworks */,
				642A10E42B7F06BC003007A1 /* Resources */,
				6473C2EF2B98C51100E3535A /* Embed Frameworks */,
			);
			buildRules = (
			);
			dependencies = (
			);
			name = TagSample;
			packageProductDependencies = (
				6473C2F12B98C64B00E3535A /* Alamofire */,
			);
			productName = TagSample;
			productReference = 642A10E62B7F06BC003007A1 /* TagSample.app */;
			productType = "com.apple.product-type.application";
		};
		642A10F52B7F06BD003007A1 /* TagSampleTests */ = {
			isa = PBXNativeTarget;
			buildConfigurationList = 642A110D2B7F06BD003007A1 /* Build configuration list for PBXNativeTarget "TagSampleTests" */;
			buildPhases = (
				642A10F22B7F06BD003007A1 /* Sources */,
				642A10F32B7F06BD003007A1 /* Frameworks */,
				642A10F42B7F06BD003007A1 /* Resources */,
			);
			buildRules = (
			);
			dependencies = (
				642A10F82B7F06BD003007A1 /* PBXTargetDependency */,
			);
			name = TagSampleTests;
			productName = TagSampleTests;
			productReference = 642A10F62B7F06BD003007A1 /* TagSampleTests.xctest */;
			productType = "com.apple.product-type.bundle.unit-test";
		};
		642A10FF2B7F06BD003007A1 /* TagSampleUITests */ = {
			isa = PBXNativeTarget;
			buildConfigurationList = 642A11102B7F06BD003007A1 /* Build configuration list for PBXNativeTarget "TagSampleUITests" */;
			buildPhases = (
				642A10FC2B7F06BD003007A1 /* Sources */,
				642A10FD2B7F06BD003007A1 /* Frameworks */,
				642A10FE2B7F06BD003007A1 /* Resources */,
			);
			buildRules = (
			);
			dependencies = (
				642A11022B7F06BD003007A1 /* PBXTargetDependency */,
			);
			name = TagSampleUITests;
			productName = TagSampleUITests;
			productReference = 642A11002B7F06BD003007A1 /* TagSampleUITests.xctest */;
			productType = "com.apple.product-type.bundle.ui-testing";
		};
/* End PBXNativeTarget section */

/* Begin PBXProject section */
		642A10DE2B7F06BC003007A1 /* Project object */ = {
			isa = PBXProject;
			attributes = {
				BuildIndependentTargetsInParallel = 1;
				LastSwiftUpdateCheck = 1500;
				LastUpgradeCheck = 1500;
				TargetAttributes = {
					642A10E52B7F06BC003007A1 = {
						CreatedOnToolsVersion = 15.0;
					};
					642A10F52B7F06BD003007A1 = {
						CreatedOnToolsVersion = 15.0;
						TestTargetID = 642A10E52B7F06BC003007A1;
					};
					642A10FF2B7F06BD003007A1 = {
						CreatedOnToolsVersion = 15.0;
						TestTargetID = 642A10E52B7F06BC003007A1;
					};
				};
			};
			buildConfigurationList = 642A10E12B7F06BC003007A1 /* Build configuration list for PBXProject "TagSample" */;
			compatibilityVersion = "Xcode 14.0";
			developmentRegion = en;
			hasScannedForEncodings = 0;
			knownRegions = (
				en,
				Base,
			);
			mainGroup = 642A10DD2B7F06BC003007A1;
			packageReferences = (
				6473C2F02B98C64B00E3535A /* XCRemoteSwiftPackageReference "Alamofire" */,
			);
			productRefGroup = 642A10E72B7F06BC003007A1 /* Products */;
			projectDirPath = "";
			projectRoot = "";
			targets = (
				642A10E52B7F06BC003007A1 /* TagSample */,
				642A10F52B7F06BD003007A1 /* TagSampleTests */,
				642A10FF2B7F06BD003007A1 /* TagSampleUITests */,
			);
		};
/* End PBXProject section */

/* Begin PBXResourcesBuildPhase section */
		642A10E42B7F06BC003007A1 /* Resources */ = {
			isa = PBXResourcesBuildPhase;
			buildActionMask = 2147483647;
			files = (
				6473C3012B99630500E3535A /* OFL.txt in Resources */,
				6408B0D62B95EC36005401F9 /* .gitignore in Resources */,
				642A10F12B7F06BD003007A1 /* Preview Assets.xcassets in Resources */,
				6473C2FC2B99630500E3535A /* ZenMaruGothic-Bold.ttf in Resources */,
				6473C3002B99630500E3535A /* ZenMaruGothic-Regular.ttf in Resources */,
				642A111E2B7F0CF1003007A1 /* Assets.xcassets in Resources */,
				6473C2FD2B99630500E3535A /* ZenMaruGothic-Light.ttf in Resources */,
				6473C2FF2B99630500E3535A /* ZenMaruGothic-Black.ttf in Resources */,
				6408B0D32B95EC0F005401F9 /* API-TOKEN.csv in Resources */,
				6473C2FE2B99630500E3535A /* ZenMaruGothic-Medium.ttf in Resources */,
			);
			runOnlyForDeploymentPostprocessing = 0;
		};
		642A10F42B7F06BD003007A1 /* Resources */ = {
			isa = PBXResourcesBuildPhase;
			buildActionMask = 2147483647;
			files = (
			);
			runOnlyForDeploymentPostprocessing = 0;
		};
		642A10FE2B7F06BD003007A1 /* Resources */ = {
			isa = PBXResourcesBuildPhase;
			buildActionMask = 2147483647;
			files = (
			);
			runOnlyForDeploymentPostprocessing = 0;
		};
/* End PBXResourcesBuildPhase section */

/* Begin PBXSourcesBuildPhase section */
		642A10E22B7F06BC003007A1 /* Sources */ = {
			isa = PBXSourcesBuildPhase;
			buildActionMask = 2147483647;
			files = (
				6408B0D12B95EC0F005401F9 /* ChatGPTResponse.swift in Sources */,
				64DD91AA2BB4513500237137 /* SplashView.swift in Sources */,
				648198622B9CAE61003E15C4 /* TransportView.swift in Sources */,
				6408B0CD2B95EC0F005401F9 /* SpotListView.swift in Sources */,
				64DD91B02BB45CAB00237137 /* SplashPage3.swift in Sources */,
				6408B0D42B95EC0F005401F9 /* ProgressingView.swift in Sources */,
				642A10EA2B7F06BC003007A1 /* TagSampleApp.swift in Sources */,
				642A113E2B805152003007A1 /* HomeScreen.swift in Sources */,
				6408B0CB2B95EC0F005401F9 /* SpotView.swift in Sources */,
				6408B0CC2B95EC0F005401F9 /* OperateButton.swift in Sources */,
				648198602B9AA61A003E15C4 /* EnvironmentData.swift in Sources */,
				642A111F2B7F0CF1003007A1 /* OnBoarding.swift in Sources */,
				642A113A2B8050CD003007A1 /* PageOneView.swift in Sources */,
				642A113F2B805152003007A1 /* DetailScreen.swift in Sources */,
				642A11472B824371003007A1 /* PageThreeView.swift in Sources */,
				6473C2E22B976C3400E3535A /* OptionTagView.swift in Sources */,
				642A11422B823872003007A1 /* PageTwoView.swift in Sources */,
				6473C2F42B9949E500E3535A /* SaveButtonView.swift in Sources */,
				64DD91AC2BB4521C00237137 /* SplashPage1.swift in Sources */,
				6408B0D22B95EC0F005401F9 /* ViewModel.swift in Sources */,
				642A111D2B7F0CF1003007A1 /* ContentView.swift in Sources */,
				640DF5842B85EE4C001AE2BA /* HomeView.swift in Sources */,
				64DD91B32BB45FAA00237137 /* ButtonView.swift in Sources */,
				640DF5862B85F5FB001AE2BA /* TagView.swift in Sources */,
				64DD91AE2BB4575400237137 /* SplashPage2.swift in Sources */,
				6408B0D02B95EC0F005401F9 /* GoogleMapModel.swift in Sources */,
			);
			runOnlyForDeploymentPostprocessing = 0;
		};
		642A10F22B7F06BD003007A1 /* Sources */ = {
			isa = PBXSourcesBuildPhase;
			buildActionMask = 2147483647;
			files = (
				642A10FB2B7F06BD003007A1 /* TagSampleTests.swift in Sources */,
			);
			runOnlyForDeploymentPostprocessing = 0;
		};
		642A10FC2B7F06BD003007A1 /* Sources */ = {
			isa = PBXSourcesBuildPhase;
			buildActionMask = 2147483647;
			files = (
				642A11052B7F06BD003007A1 /* TagSampleUITests.swift in Sources */,
				642A11072B7F06BD003007A1 /* TagSampleUITestsLaunchTests.swift in Sources */,
			);
			runOnlyForDeploymentPostprocessing = 0;
		};
/* End PBXSourcesBuildPhase section */

/* Begin PBXTargetDependency section */
		642A10F82B7F06BD003007A1 /* PBXTargetDependency */ = {
			isa = PBXTargetDependency;
			target = 642A10E52B7F06BC003007A1 /* TagSample */;
			targetProxy = 642A10F72B7F06BD003007A1 /* PBXContainerItemProxy */;
		};
		642A11022B7F06BD003007A1 /* PBXTargetDependency */ = {
			isa = PBXTargetDependency;
			target = 642A10E52B7F06BC003007A1 /* TagSample */;
			targetProxy = 642A11012B7F06BD003007A1 /* PBXContainerItemProxy */;
		};
/* End PBXTargetDependency section */

/* Begin XCBuildConfiguration section */
		642A11082B7F06BD003007A1 /* Debug */ = {
			isa = XCBuildConfiguration;
			buildSettings = {
				ALWAYS_SEARCH_USER_PATHS = NO;
				ASSETCATALOG_COMPILER_GENERATE_SWIFT_ASSET_SYMBOL_EXTENSIONS = YES;
				CLANG_ANALYZER_NONNULL = YES;
				CLANG_ANALYZER_NUMBER_OBJECT_CONVERSION = YES_AGGRESSIVE;
				CLANG_CXX_LANGUAGE_STANDARD = "gnu++20";
				CLANG_ENABLE_MODULES = YES;
				CLANG_ENABLE_OBJC_ARC = YES;
				CLANG_ENABLE_OBJC_WEAK = YES;
				CLANG_WARN_BLOCK_CAPTURE_AUTORELEASING = YES;
				CLANG_WARN_BOOL_CONVERSION = YES;
				CLANG_WARN_COMMA = YES;
				CLANG_WARN_CONSTANT_CONVERSION = YES;
				CLANG_WARN_DEPRECATED_OBJC_IMPLEMENTATIONS = YES;
				CLANG_WARN_DIRECT_OBJC_ISA_USAGE = YES_ERROR;
				CLANG_WARN_DOCUMENTATION_COMMENTS = YES;
				CLANG_WARN_EMPTY_BODY = YES;
				CLANG_WARN_ENUM_CONVERSION = YES;
				CLANG_WARN_INFINITE_RECURSION = YES;
				CLANG_WARN_INT_CONVERSION = YES;
				CLANG_WARN_NON_LITERAL_NULL_CONVERSION = YES;
				CLANG_WARN_OBJC_IMPLICIT_RETAIN_SELF = YES;
				CLANG_WARN_OBJC_LITERAL_CONVERSION = YES;
				CLANG_WARN_OBJC_ROOT_CLASS = YES_ERROR;
				CLANG_WARN_QUOTED_INCLUDE_IN_FRAMEWORK_HEADER = YES;
				CLANG_WARN_RANGE_LOOP_ANALYSIS = YES;
				CLANG_WARN_STRICT_PROTOTYPES = YES;
				CLANG_WARN_SUSPICIOUS_MOVE = YES;
				CLANG_WARN_UNGUARDED_AVAILABILITY = YES_AGGRESSIVE;
				CLANG_WARN_UNREACHABLE_CODE = YES;
				CLANG_WARN__DUPLICATE_METHOD_MATCH = YES;
				COPY_PHASE_STRIP = NO;
				DEBUG_INFORMATION_FORMAT = dwarf;
				ENABLE_STRICT_OBJC_MSGSEND = YES;
				ENABLE_TESTABILITY = YES;
				ENABLE_USER_SCRIPT_SANDBOXING = YES;
				GCC_C_LANGUAGE_STANDARD = gnu17;
				GCC_DYNAMIC_NO_PIC = NO;
				GCC_NO_COMMON_BLOCKS = YES;
				GCC_OPTIMIZATION_LEVEL = 0;
				GCC_PREPROCESSOR_DEFINITIONS = (
					"DEBUG=1",
					"$(inherited)",
				);
				GCC_WARN_64_TO_32_BIT_CONVERSION = YES;
				GCC_WARN_ABOUT_RETURN_TYPE = YES_ERROR;
				GCC_WARN_UNDECLARED_SELECTOR = YES;
				GCC_WARN_UNINITIALIZED_AUTOS = YES_AGGRESSIVE;
				GCC_WARN_UNUSED_FUNCTION = YES;
				GCC_WARN_UNUSED_VARIABLE = YES;
				IPHONEOS_DEPLOYMENT_TARGET = 17.0;
				LOCALIZATION_PREFERS_STRING_CATALOGS = YES;
				MTL_ENABLE_DEBUG_INFO = INCLUDE_SOURCE;
				MTL_FAST_MATH = YES;
				ONLY_ACTIVE_ARCH = YES;
				SDKROOT = iphoneos;
				SWIFT_ACTIVE_COMPILATION_CONDITIONS = "DEBUG $(inherited)";
				SWIFT_OPTIMIZATION_LEVEL = "-Onone";
			};
			name = Debug;
		};
		642A11092B7F06BD003007A1 /* Release */ = {
			isa = XCBuildConfiguration;
			buildSettings = {
				ALWAYS_SEARCH_USER_PATHS = NO;
				ASSETCATALOG_COMPILER_GENERATE_SWIFT_ASSET_SYMBOL_EXTENSIONS = YES;
				CLANG_ANALYZER_NONNULL = YES;
				CLANG_ANALYZER_NUMBER_OBJECT_CONVERSION = YES_AGGRESSIVE;
				CLANG_CXX_LANGUAGE_STANDARD = "gnu++20";
				CLANG_ENABLE_MODULES = YES;
				CLANG_ENABLE_OBJC_ARC = YES;
				CLANG_ENABLE_OBJC_WEAK = YES;
				CLANG_WARN_BLOCK_CAPTURE_AUTORELEASING = YES;
				CLANG_WARN_BOOL_CONVERSION = YES;
				CLANG_WARN_COMMA = YES;
				CLANG_WARN_CONSTANT_CONVERSION = YES;
				CLANG_WARN_DEPRECATED_OBJC_IMPLEMENTATIONS = YES;
				CLANG_WARN_DIRECT_OBJC_ISA_USAGE = YES_ERROR;
				CLANG_WARN_DOCUMENTATION_COMMENTS = YES;
				CLANG_WARN_EMPTY_BODY = YES;
				CLANG_WARN_ENUM_CONVERSION = YES;
				CLANG_WARN_INFINITE_RECURSION = YES;
				CLANG_WARN_INT_CONVERSION = YES;
				CLANG_WARN_NON_LITERAL_NULL_CONVERSION = YES;
				CLANG_WARN_OBJC_IMPLICIT_RETAIN_SELF = YES;
				CLANG_WARN_OBJC_LITERAL_CONVERSION = YES;
				CLANG_WARN_OBJC_ROOT_CLASS = YES_ERROR;
				CLANG_WARN_QUOTED_INCLUDE_IN_FRAMEWORK_HEADER = YES;
				CLANG_WARN_RANGE_LOOP_ANALYSIS = YES;
				CLANG_WARN_STRICT_PROTOTYPES = YES;
				CLANG_WARN_SUSPICIOUS_MOVE = YES;
				CLANG_WARN_UNGUARDED_AVAILABILITY = YES_AGGRESSIVE;
				CLANG_WARN_UNREACHABLE_CODE = YES;
				CLANG_WARN__DUPLICATE_METHOD_MATCH = YES;
				COPY_PHASE_STRIP = NO;
				DEBUG_INFORMATION_FORMAT = "dwarf-with-dsym";
				ENABLE_NS_ASSERTIONS = NO;
				ENABLE_STRICT_OBJC_MSGSEND = YES;
				ENABLE_USER_SCRIPT_SANDBOXING = YES;
				GCC_C_LANGUAGE_STANDARD = gnu17;
				GCC_NO_COMMON_BLOCKS = YES;
				GCC_WARN_64_TO_32_BIT_CONVERSION = YES;
				GCC_WARN_ABOUT_RETURN_TYPE = YES_ERROR;
				GCC_WARN_UNDECLARED_SELECTOR = YES;
				GCC_WARN_UNINITIALIZED_AUTOS = YES_AGGRESSIVE;
				GCC_WARN_UNUSED_FUNCTION = YES;
				GCC_WARN_UNUSED_VARIABLE = YES;
				IPHONEOS_DEPLOYMENT_TARGET = 17.0;
				LOCALIZATION_PREFERS_STRING_CATALOGS = YES;
				MTL_ENABLE_DEBUG_INFO = NO;
				MTL_FAST_MATH = YES;
				SDKROOT = iphoneos;
				SWIFT_COMPILATION_MODE = wholemodule;
				VALIDATE_PRODUCT = YES;
			};
			name = Release;
		};
		642A110B2B7F06BD003007A1 /* Debug */ = {
			isa = XCBuildConfiguration;
			buildSettings = {
				ASSETCATALOG_COMPILER_APPICON_NAME = AppIcon;
				ASSETCATALOG_COMPILER_GLOBAL_ACCENT_COLOR_NAME = AccentColor;
				CODE_SIGN_STYLE = Automatic;
				CURRENT_PROJECT_VERSION = 1;
				DEVELOPMENT_ASSET_PATHS = "\"TagSample/Preview Content\"";
				DEVELOPMENT_TEAM = QC8NW9PFKL;
				ENABLE_PREVIEWS = YES;
				GENERATE_INFOPLIST_FILE = YES;
				INFOPLIST_FILE = TagSample/Info.plist;
				INFOPLIST_KEY_UIApplicationSceneManifest_Generation = YES;
				INFOPLIST_KEY_UIApplicationSupportsIndirectInputEvents = YES;
				INFOPLIST_KEY_UILaunchScreen_Generation = YES;
				INFOPLIST_KEY_UISupportedInterfaceOrientations_iPad = "UIInterfaceOrientationPortrait UIInterfaceOrientationPortraitUpsideDown UIInterfaceOrientationLandscapeLeft UIInterfaceOrientationLandscapeRight";
				INFOPLIST_KEY_UISupportedInterfaceOrientations_iPhone = "UIInterfaceOrientationPortrait UIInterfaceOrientationLandscapeLeft UIInterfaceOrientationLandscapeRight";
				LD_RUNPATH_SEARCH_PATHS = (
					"$(inherited)",
					"@executable_path/Frameworks",
				);
				MARKETING_VERSION = 1.0;
				PRODUCT_BUNDLE_IDENTIFIER = haruto.TagSample;
				PRODUCT_NAME = "$(TARGET_NAME)";
				SWIFT_EMIT_LOC_STRINGS = YES;
				SWIFT_VERSION = 5.0;
				TARGETED_DEVICE_FAMILY = "1,2";
			};
			name = Debug;
		};
		642A110C2B7F06BD003007A1 /* Release */ = {
			isa = XCBuildConfiguration;
			buildSettings = {
				ASSETCATALOG_COMPILER_APPICON_NAME = AppIcon;
				ASSETCATALOG_COMPILER_GLOBAL_ACCENT_COLOR_NAME = AccentColor;
				CODE_SIGN_STYLE = Automatic;
				CURRENT_PROJECT_VERSION = 1;
				DEVELOPMENT_ASSET_PATHS = "\"TagSample/Preview Content\"";
				DEVELOPMENT_TEAM = QC8NW9PFKL;
				ENABLE_PREVIEWS = YES;
				GENERATE_INFOPLIST_FILE = YES;
				INFOPLIST_FILE = TagSample/Info.plist;
				INFOPLIST_KEY_UIApplicationSceneManifest_Generation = YES;
				INFOPLIST_KEY_UIApplicationSupportsIndirectInputEvents = YES;
				INFOPLIST_KEY_UILaunchScreen_Generation = YES;
				INFOPLIST_KEY_UISupportedInterfaceOrientations_iPad = "UIInterfaceOrientationPortrait UIInterfaceOrientationPortraitUpsideDown UIInterfaceOrientationLandscapeLeft UIInterfaceOrientationLandscapeRight";
				INFOPLIST_KEY_UISupportedInterfaceOrientations_iPhone = "UIInterfaceOrientationPortrait UIInterfaceOrientationLandscapeLeft UIInterfaceOrientationLandscapeRight";
				LD_RUNPATH_SEARCH_PATHS = (
					"$(inherited)",
					"@executable_path/Frameworks",
				);
				MARKETING_VERSION = 1.0;
				PRODUCT_BUNDLE_IDENTIFIER = haruto.TagSample;
				PRODUCT_NAME = "$(TARGET_NAME)";
				SWIFT_EMIT_LOC_STRINGS = YES;
				SWIFT_VERSION = 5.0;
				TARGETED_DEVICE_FAMILY = "1,2";
			};
			name = Release;
		};
		642A110E2B7F06BD003007A1 /* Debug */ = {
			isa = XCBuildConfiguration;
			buildSettings = {
				ALWAYS_EMBED_SWIFT_STANDARD_LIBRARIES = YES;
				BUNDLE_LOADER = "$(TEST_HOST)";
				CODE_SIGN_STYLE = Automatic;
				CURRENT_PROJECT_VERSION = 1;
				DEVELOPMENT_TEAM = QC8NW9PFKL;
				GENERATE_INFOPLIST_FILE = YES;
				IPHONEOS_DEPLOYMENT_TARGET = 17.0;
				MARKETING_VERSION = 1.0;
				PRODUCT_BUNDLE_IDENTIFIER = haruto.TagSampleTests;
				PRODUCT_NAME = "$(TARGET_NAME)";
				SWIFT_EMIT_LOC_STRINGS = NO;
				SWIFT_VERSION = 5.0;
				TARGETED_DEVICE_FAMILY = "1,2";
				TEST_HOST = "$(BUILT_PRODUCTS_DIR)/TagSample.app/$(BUNDLE_EXECUTABLE_FOLDER_PATH)/TagSample";
			};
			name = Debug;
		};
		642A110F2B7F06BD003007A1 /* Release */ = {
			isa = XCBuildConfiguration;
			buildSettings = {
				ALWAYS_EMBED_SWIFT_STANDARD_LIBRARIES = YES;
				BUNDLE_LOADER = "$(TEST_HOST)";
				CODE_SIGN_STYLE = Automatic;
				CURRENT_PROJECT_VERSION = 1;
				DEVELOPMENT_TEAM = QC8NW9PFKL;
				GENERATE_INFOPLIST_FILE = YES;
				IPHONEOS_DEPLOYMENT_TARGET = 17.0;
				MARKETING_VERSION = 1.0;
				PRODUCT_BUNDLE_IDENTIFIER = haruto.TagSampleTests;
				PRODUCT_NAME = "$(TARGET_NAME)";
				SWIFT_EMIT_LOC_STRINGS = NO;
				SWIFT_VERSION = 5.0;
				TARGETED_DEVICE_FAMILY = "1,2";
				TEST_HOST = "$(BUILT_PRODUCTS_DIR)/TagSample.app/$(BUNDLE_EXECUTABLE_FOLDER_PATH)/TagSample";
			};
			name = Release;
		};
		642A11112B7F06BD003007A1 /* Debug */ = {
			isa = XCBuildConfiguration;
			buildSettings = {
				ALWAYS_EMBED_SWIFT_STANDARD_LIBRARIES = YES;
				CODE_SIGN_STYLE = Automatic;
				CURRENT_PROJECT_VERSION = 1;
				DEVELOPMENT_TEAM = QC8NW9PFKL;
				GENERATE_INFOPLIST_FILE = YES;
				MARKETING_VERSION = 1.0;
				PRODUCT_BUNDLE_IDENTIFIER = haruto.TagSampleUITests;
				PRODUCT_NAME = "$(TARGET_NAME)";
				SWIFT_EMIT_LOC_STRINGS = NO;
				SWIFT_VERSION = 5.0;
				TARGETED_DEVICE_FAMILY = "1,2";
				TEST_TARGET_NAME = TagSample;
			};
			name = Debug;
		};
		642A11122B7F06BD003007A1 /* Release */ = {
			isa = XCBuildConfiguration;
			buildSettings = {
				ALWAYS_EMBED_SWIFT_STANDARD_LIBRARIES = YES;
				CODE_SIGN_STYLE = Automatic;
				CURRENT_PROJECT_VERSION = 1;
				DEVELOPMENT_TEAM = QC8NW9PFKL;
				GENERATE_INFOPLIST_FILE = YES;
				MARKETING_VERSION = 1.0;
				PRODUCT_BUNDLE_IDENTIFIER = haruto.TagSampleUITests;
				PRODUCT_NAME = "$(TARGET_NAME)";
				SWIFT_EMIT_LOC_STRINGS = NO;
				SWIFT_VERSION = 5.0;
				TARGETED_DEVICE_FAMILY = "1,2";
				TEST_TARGET_NAME = TagSample;
			};
			name = Release;
		};
/* End XCBuildConfiguration section */

/* Begin XCConfigurationList section */
		642A10E12B7F06BC003007A1 /* Build configuration list for PBXProject "TagSample" */ = {
			isa = XCConfigurationList;
			buildConfigurations = (
				642A11082B7F06BD003007A1 /* Debug */,
				642A11092B7F06BD003007A1 /* Release */,
			);
			defaultConfigurationIsVisible = 0;
			defaultConfigurationName = Release;
		};
		642A110A2B7F06BD003007A1 /* Build configuration list for PBXNativeTarget "TagSample" */ = {
			isa = XCConfigurationList;
			buildConfigurations = (
				642A110B2B7F06BD003007A1 /* Debug */,
				642A110C2B7F06BD003007A1 /* Release */,
			);
			defaultConfigurationIsVisible = 0;
			defaultConfigurationName = Release;
		};
		642A110D2B7F06BD003007A1 /* Build configuration list for PBXNativeTarget "TagSampleTests" */ = {
			isa = XCConfigurationList;
			buildConfigurations = (
				642A110E2B7F06BD003007A1 /* Debug */,
				642A110F2B7F06BD003007A1 /* Release */,
			);
			defaultConfigurationIsVisible = 0;
			defaultConfigurationName = Release;
		};
		642A11102B7F06BD003007A1 /* Build configuration list for PBXNativeTarget "TagSampleUITests" */ = {
			isa = XCConfigurationList;
			buildConfigurations = (
				642A11112B7F06BD003007A1 /* Debug */,
				642A11122B7F06BD003007A1 /* Release */,
			);
			defaultConfigurationIsVisible = 0;
			defaultConfigurationName = Release;
		};
/* End XCConfigurationList section */

/* Begin XCRemoteSwiftPackageReference section */
		6473C2F02B98C64B00E3535A /* XCRemoteSwiftPackageReference "Alamofire" */ = {
			isa = XCRemoteSwiftPackageReference;
			repositoryURL = "https://github.com/Alamofire/Alamofire.git";
			requirement = {
				kind = upToNextMajorVersion;
				minimumVersion = 5.9.0;
			};
		};
/* End XCRemoteSwiftPackageReference section */

/* Begin XCSwiftPackageProductDependency section */
		6473C2F12B98C64B00E3535A /* Alamofire */ = {
			isa = XCSwiftPackageProductDependency;
			package = 6473C2F02B98C64B00E3535A /* XCRemoteSwiftPackageReference "Alamofire" */;
			productName = Alamofire;
		};
/* End XCSwiftPackageProductDependency section */
	};
	rootObject = 642A10DE2B7F06BC003007A1 /* Project object */;
}
