// !$*UTF8*$!
{
	archiveVersion = 1;
	classes = {
	};
	objectVersion = 56;
	objects = {

/* Begin PBXBuildFile section */
		642A10EA2B7F06BC003007A1 /* TagSampleApp.swift in Sources */ = {isa = PBXBuildFile; fileRef = 642A10E92B7F06BC003007A1 /* TagSampleApp.swift */; };
		642A10F12B7F06BD003007A1 /* Preview Assets.xcassets in Resources */ = {isa = PBXBuildFile; fileRef = 642A10F02B7F06BD003007A1 /* Preview Assets.xcassets */; };
		642A10FB2B7F06BD003007A1 /* TagSampleTests.swift in Sources */ = {isa = PBXBuildFile; fileRef = 642A10FA2B7F06BD003007A1 /* TagSampleTests.swift */; };
		642A11052B7F06BD003007A1 /* TagSampleUITests.swift in Sources */ = {isa = PBXBuildFile; fileRef = 642A11042B7F06BD003007A1 /* TagSampleUITests.swift */; };
		642A11072B7F06BD003007A1 /* TagSampleUITestsLaunchTests.swift in Sources */ = {isa = PBXBuildFile; fileRef = 642A11062B7F06BD003007A1 /* TagSampleUITestsLaunchTests.swift */; };
		642A111D2B7F0CF1003007A1 /* ContentView.swift in Sources */ = {isa = PBXBuildFile; fileRef = 642A11172B7F0CF1003007A1 /* ContentView.swift */; };
		642A111E2B7F0CF1003007A1 /* Assets.xcassets in Resources */ = {isa = PBXBuildFile; fileRef = 642A11182B7F0CF1003007A1 /* Assets.xcassets */; };
		642A111F2B7F0CF1003007A1 /* OnBoarding.swift in Sources */ = {isa = PBXBuildFile; fileRef = 642A111A2B7F0CF1003007A1 /* OnBoarding.swift */; };
		642A11202B7F0CF1003007A1 /* OffsetPageTabView.swift in Sources */ = {isa = PBXBuildFile; fileRef = 642A111B2B7F0CF1003007A1 /* OffsetPageTabView.swift */; };
		642A11352B7F99E8003007A1 /* Zen_Maru_Gothic in Resources */ = {isa = PBXBuildFile; fileRef = 642A11342B7F99E8003007A1 /* Zen_Maru_Gothic */; };
/* End PBXBuildFile section */

/* Begin PBXContainerItemProxy section */
		642A10F72B7F06BD003007A1 /* PBXContainerItemProxy */ = {
			isa = PBXContainerItemProxy;
			containerPortal = 642A10DE2B7F06BC003007A1 /* Project object */;
			proxyType = 1;
			remoteGlobalIDString = 642A10E52B7F06BC003007A1;
			remoteInfo = TagSample;
		};
		642A11012B7F06BD003007A1 /* PBXContainerItemProxy */ = {
			isa = PBXContainerItemProxy;
			containerPortal = 642A10DE2B7F06BC003007A1 /* Project object */;
			proxyType = 1;
			remoteGlobalIDString = 642A10E52B7F06BC003007A1;
			remoteInfo = TagSample;
		};
/* End PBXContainerItemProxy section */

/* Begin PBXFileReference section */
		642A10E62B7F06BC003007A1 /* TagSample.app */ = {isa = PBXFileReference; explicitFileType = wrapper.application; includeInIndex = 0; path = TagSample.app; sourceTree = BUILT_PRODUCTS_DIR; };
		642A10E92B7F06BC003007A1 /* TagSampleApp.swift */ = {isa = PBXFileReference; lastKnownFileType = sourcecode.swift; path = TagSampleApp.swift; sourceTree = "<group>"; };
		642A10F02B7F06BD003007A1 /* Preview Assets.xcassets */ = {isa = PBXFileReference; lastKnownFileType = folder.assetcatalog; path = "Preview Assets.xcassets"; sourceTree = "<group>"; };
		642A10F62B7F06BD003007A1 /* TagSampleTests.xctest */ = {isa = PBXFileReference; explicitFileType = wrapper.cfbundle; includeInIndex = 0; path = TagSampleTests.xctest; sourceTree = BUILT_PRODUCTS_DIR; };
		642A10FA2B7F06BD003007A1 /* TagSampleTests.swift */ = {isa = PBXFileReference; lastKnownFileType = sourcecode.swift; path = TagSampleTests.swift; sourceTree = "<group>"; };
		642A11002B7F06BD003007A1 /* TagSampleUITests.xctest */ = {isa = PBXFileReference; explicitFileType = wrapper.cfbundle; includeInIndex = 0; path = TagSampleUITests.xctest; sourceTree = BUILT_PRODUCTS_DIR; };
		642A11042B7F06BD003007A1 /* TagSampleUITests.swift */ = {isa = PBXFileReference; lastKnownFileType = sourcecode.swift; path = TagSampleUITests.swift; sourceTree = "<group>"; };
		642A11062B7F06BD003007A1 /* TagSampleUITestsLaunchTests.swift */ = {isa = PBXFileReference; lastKnownFileType = sourcecode.swift; path = TagSampleUITestsLaunchTests.swift; sourceTree = "<group>"; };
		642A11172B7F0CF1003007A1 /* ContentView.swift */ = {isa = PBXFileReference; fileEncoding = 4; lastKnownFileType = sourcecode.swift; name = ContentView.swift; path = "../../../../../Downloads/SwiftUI-OnBoarding-Screen-Animation-main/Shared/ContentView.swift"; sourceTree = "<group>"; };
		642A11182B7F0CF1003007A1 /* Assets.xcassets */ = {isa = PBXFileReference; lastKnownFileType = folder.assetcatalog; name = Assets.xcassets; path = "../../../../../Downloads/SwiftUI-OnBoarding-Screen-Animation-main/Shared/Assets.xcassets"; sourceTree = "<group>"; };
		642A111A2B7F0CF1003007A1 /* OnBoarding.swift */ = {isa = PBXFileReference; fileEncoding = 4; lastKnownFileType = sourcecode.swift; path = OnBoarding.swift; sourceTree = "<group>"; };
		642A111B2B7F0CF1003007A1 /* OffsetPageTabView.swift */ = {isa = PBXFileReference; fileEncoding = 4; lastKnownFileType = sourcecode.swift; path = OffsetPageTabView.swift; sourceTree = "<group>"; };
		642A11342B7F99E8003007A1 /* Zen_Maru_Gothic */ = {isa = PBXFileReference; lastKnownFileType = folder; name = Zen_Maru_Gothic; path = ../../../../../Downloads/Zen_Maru_Gothic; sourceTree = "<group>"; };
/* End PBXFileReference section */

/* Begin PBXFrameworksBuildPhase section */
		642A10E32B7F06BC003007A1 /* Frameworks */ = {
			isa = PBXFrameworksBuildPhase;
			buildActionMask = 2147483647;
			files = (
			);
			runOnlyForDeploymentPostprocessing = 0;
		};
		642A10F32B7F06BD003007A1 /* Frameworks */ = {
			isa = PBXFrameworksBuildPhase;
			buildActionMask = 2147483647;
			files = (
			);
			runOnlyForDeploymentPostprocessing = 0;
		};
		642A10FD2B7F06BD003007A1 /* Frameworks */ = {
			isa = PBXFrameworksBuildPhase;
			buildActionMask = 2147483647;
			files = (
			);
			runOnlyForDeploymentPostprocessing = 0;
		};
/* End PBXFrameworksBuildPhase section */

/* Begin PBXGroup section */
		642A10DD2B7F06BC003007A1 = {
			isa = PBXGroup;
			children = (
				642A10E82B7F06BC003007A1 /* TagSample */,
				642A10F92B7F06BD003007A1 /* TagSampleTests */,
				642A11032B7F06BD003007A1 /* TagSampleUITests */,
				642A10E72B7F06BC003007A1 /* Products */,
			);
			sourceTree = "<group>";
		};
		642A10E72B7F06BC003007A1 /* Products */ = {
			isa = PBXGroup;
			children = (
				642A10E62B7F06BC003007A1 /* TagSample.app */,
				642A10F62B7F06BD003007A1 /* TagSampleTests.xctest */,
				642A11002B7F06BD003007A1 /* TagSampleUITests.xctest */,
			);
			name = Products;
			sourceTree = "<group>";
		};
		642A10E82B7F06BC003007A1 /* TagSample */ = {
			isa = PBXGroup;
			children = (
				642A10E92B7F06BC003007A1 /* TagSampleApp.swift */,
				642A11182B7F0CF1003007A1 /* Assets.xcassets */,
				642A11172B7F0CF1003007A1 /* ContentView.swift */,
				642A11342B7F99E8003007A1 /* Zen_Maru_Gothic */,
				642A11192B7F0CF1003007A1 /* View */,
				642A10EF2B7F06BD003007A1 /* Preview Content */,
			);
			path = TagSample;
			sourceTree = "<group>";
		};
		642A10EF2B7F06BD003007A1 /* Preview Content */ = {
			isa = PBXGroup;
			children = (
				642A10F02B7F06BD003007A1 /* Preview Assets.xcassets */,
			);
			path = "Preview Content";
			sourceTree = "<group>";
		};
		642A10F92B7F06BD003007A1 /* TagSampleTests */ = {
			isa = PBXGroup;
			children = (
				642A10FA2B7F06BD003007A1 /* TagSampleTests.swift */,
			);
			path = TagSampleTests;
			sourceTree = "<group>";
		};
		642A11032B7F06BD003007A1 /* TagSampleUITests */ = {
			isa = PBXGroup;
			children = (
				642A11042B7F06BD003007A1 /* TagSampleUITests.swift */,
				642A11062B7F06BD003007A1 /* TagSampleUITestsLaunchTests.swift */,
			);
			path = TagSampleUITests;
			sourceTree = "<group>";
		};
		642A11192B7F0CF1003007A1 /* View */ = {
			isa = PBXGroup;
			children = (
				642A111A2B7F0CF1003007A1 /* OnBoarding.swift */,
				642A111B2B7F0CF1003007A1 /* OffsetPageTabView.swift */,
			);
			path = View;
			sourceTree = "<group>";
		};
/* End PBXGroup section */

/* Begin PBXNativeTarget section */
		642A10E52B7F06BC003007A1 /* TagSample */ = {
			isa = PBXNativeTarget;
			buildConfigurationList = 642A110A2B7F06BD003007A1 /* Build configuration list for PBXNativeTarget "TagSample" */;
			buildPhases = (
				642A10E22B7F06BC003007A1 /* Sources */,
				642A10E32B7F06BC003007A1 /* Frameworks */,
				642A10E42B7F06BC003007A1 /* Resources */,
			);
			buildRules = (
			);
			dependencies = (
			);
			name = TagSample;
			productName = TagSample;
			productReference = 642A10E62B7F06BC003007A1 /* TagSample.app */;
			productType = "com.apple.product-type.application";
		};
		642A10F52B7F06BD003007A1 /* TagSampleTests */ = {
			isa = PBXNativeTarget;
			buildConfigurationList = 642A110D2B7F06BD003007A1 /* Build configuration list for PBXNativeTarget "TagSampleTests" */;
			buildPhases = (
				642A10F22B7F06BD003007A1 /* Sources */,
				642A10F32B7F06BD003007A1 /* Frameworks */,
				642A10F42B7F06BD003007A1 /* Resources */,
			);
			buildRules = (
			);
			dependencies = (
				642A10F82B7F06BD003007A1 /* PBXTargetDependency */,
			);
			name = TagSampleTests;
			productName = TagSampleTests;
			productReference = 642A10F62B7F06BD003007A1 /* TagSampleTests.xctest */;
			productType = "com.apple.product-type.bundle.unit-test";
		};
		642A10FF2B7F06BD003007A1 /* TagSampleUITests */ = {
			isa = PBXNativeTarget;
			buildConfigurationList = 642A11102B7F06BD003007A1 /* Build configuration list for PBXNativeTarget "TagSampleUITests" */;
			buildPhases = (
				642A10FC2B7F06BD003007A1 /* Sources */,
				642A10FD2B7F06BD003007A1 /* Frameworks */,
				642A10FE2B7F06BD003007A1 /* Resources */,
			);
			buildRules = (
			);
			dependencies = (
				642A11022B7F06BD003007A1 /* PBXTargetDependency */,
			);
			name = TagSampleUITests;
			productName = TagSampleUITests;
			productReference = 642A11002B7F06BD003007A1 /* TagSampleUITests.xctest */;
			productType = "com.apple.product-type.bundle.ui-testing";
		};
/* End PBXNativeTarget section */

/* Begin PBXProject section */
		642A10DE2B7F06BC003007A1 /* Project object */ = {
			isa = PBXProject;
			attributes = {
				BuildIndependentTargetsInParallel = 1;
				LastSwiftUpdateCheck = 1500;
				LastUpgradeCheck = 1500;
				TargetAttributes = {
					642A10E52B7F06BC003007A1 = {
						CreatedOnToolsVersion = 15.0;
					};
					642A10F52B7F06BD003007A1 = {
						CreatedOnToolsVersion = 15.0;
						TestTargetID = 642A10E52B7F06BC003007A1;
					};
					642A10FF2B7F06BD003007A1 = {
						CreatedOnToolsVersion = 15.0;
						TestTargetID = 642A10E52B7F06BC003007A1;
					};
				};
			};
			buildConfigurationList = 642A10E12B7F06BC003007A1 /* Build configuration list for PBXProject "TagSample" */;
			compatibilityVersion = "Xcode 14.0";
			developmentRegion = en;
			hasScannedForEncodings = 0;
			knownRegions = (
				en,
				Base,
			);
			mainGroup = 642A10DD2B7F06BC003007A1;
			productRefGroup = 642A10E72B7F06BC003007A1 /* Products */;
			projectDirPath = "";
			projectRoot = "";
			targets = (
				642A10E52B7F06BC003007A1 /* TagSample */,
				642A10F52B7F06BD003007A1 /* TagSampleTests */,
				642A10FF2B7F06BD003007A1 /* TagSampleUITests */,
			);
		};
/* End PBXProject section */

/* Begin PBXResourcesBuildPhase section */
		642A10E42B7F06BC003007A1 /* Resources */ = {
			isa = PBXResourcesBuildPhase;
			buildActionMask = 2147483647;
			files = (
				642A10F12B7F06BD003007A1 /* Preview Assets.xcassets in Resources */,
				642A11352B7F99E8003007A1 /* Zen_Maru_Gothic in Resources */,
				642A111E2B7F0CF1003007A1 /* Assets.xcassets in Resources */,
			);
			runOnlyForDeploymentPostprocessing = 0;
		};
		642A10F42B7F06BD003007A1 /* Resources */ = {
			isa = PBXResourcesBuildPhase;
			buildActionMask = 2147483647;
			files = (
			);
			runOnlyForDeploymentPostprocessing = 0;
		};
		642A10FE2B7F06BD003007A1 /* Resources */ = {
			isa = PBXResourcesBuildPhase;
			buildActionMask = 2147483647;
			files = (
			);
			runOnlyForDeploymentPostprocessing = 0;
		};
/* End PBXResourcesBuildPhase section */

/* Begin PBXSourcesBuildPhase section */
		642A10E22B7F06BC003007A1 /* Sources */ = {
			isa = PBXSourcesBuildPhase;
			buildActionMask = 2147483647;
			files = (
				642A10EA2B7F06BC003007A1 /* TagSampleApp.swift in Sources */,
				642A11202B7F0CF1003007A1 /* OffsetPageTabView.swift in Sources */,
				642A111F2B7F0CF1003007A1 /* OnBoarding.swift in Sources */,
				642A111D2B7F0CF1003007A1 /* ContentView.swift in Sources */,
			);
			runOnlyForDeploymentPostprocessing = 0;
		};
		642A10F22B7F06BD003007A1 /* Sources */ = {
			isa = PBXSourcesBuildPhase;
			buildActionMask = 2147483647;
			files = (
				642A10FB2B7F06BD003007A1 /* TagSampleTests.swift in Sources */,
			);
			runOnlyForDeploymentPostprocessing = 0;
		};
		642A10FC2B7F06BD003007A1 /* Sources */ = {
			isa = PBXSourcesBuildPhase;
			buildActionMask = 2147483647;
			files = (
				642A11052B7F06BD003007A1 /* TagSampleUITests.swift in Sources */,
				642A11072B7F06BD003007A1 /* TagSampleUITestsLaunchTests.swift in Sources */,
			);
			runOnlyForDeploymentPostprocessing = 0;
		};
/* End PBXSourcesBuildPhase section */

/* Begin PBXTargetDependency section */
		642A10F82B7F06BD003007A1 /* PBXTargetDependency */ = {
			isa = PBXTargetDependency;
			target = 642A10E52B7F06BC003007A1 /* TagSample */;
			targetProxy = 642A10F72B7F06BD003007A1 /* PBXContainerItemProxy */;
		};
		642A11022B7F06BD003007A1 /* PBXTargetDependency */ = {
			isa = PBXTargetDependency;
			target = 642A10E52B7F06BC003007A1 /* TagSample */;
			targetProxy = 642A11012B7F06BD003007A1 /* PBXContainerItemProxy */;
		};
/* End PBXTargetDependency section */

/* Begin XCBuildConfiguration section */
		642A11082B7F06BD003007A1 /* Debug */ = {
			isa = XCBuildConfiguration;
			buildSettings = {
				ALWAYS_SEARCH_USER_PATHS = NO;
				ASSETCATALOG_COMPILER_GENERATE_SWIFT_ASSET_SYMBOL_EXTENSIONS = YES;
				CLANG_ANALYZER_NONNULL = YES;
				CLANG_ANALYZER_NUMBER_OBJECT_CONVERSION = YES_AGGRESSIVE;
				CLANG_CXX_LANGUAGE_STANDARD = "gnu++20";
				CLANG_ENABLE_MODULES = YES;
				CLANG_ENABLE_OBJC_ARC = YES;
				CLANG_ENABLE_OBJC_WEAK = YES;
				CLANG_WARN_BLOCK_CAPTURE_AUTORELEASING = YES;
				CLANG_WARN_BOOL_CONVERSION = YES;
				CLANG_WARN_COMMA = YES;
				CLANG_WARN_CONSTANT_CONVERSION = YES;
				CLANG_WARN_DEPRECATED_OBJC_IMPLEMENTATIONS = YES;
				CLANG_WARN_DIRECT_OBJC_ISA_USAGE = YES_ERROR;
				CLANG_WARN_DOCUMENTATION_COMMENTS = YES;
				CLANG_WARN_EMPTY_BODY = YES;
				CLANG_WARN_ENUM_CONVERSION = YES;
				CLANG_WARN_INFINITE_RECURSION = YES;
				CLANG_WARN_INT_CONVERSION = YES;
				CLANG_WARN_NON_LITERAL_NULL_CONVERSION = YES;
				CLANG_WARN_OBJC_IMPLICIT_RETAIN_SELF = YES;
				CLANG_WARN_OBJC_LITERAL_CONVERSION = YES;
				CLANG_WARN_OBJC_ROOT_CLASS = YES_ERROR;
				CLANG_WARN_QUOTED_INCLUDE_IN_FRAMEWORK_HEADER = YES;
				CLANG_WARN_RANGE_LOOP_ANALYSIS = YES;
				CLANG_WARN_STRICT_PROTOTYPES = YES;
				CLANG_WARN_SUSPICIOUS_MOVE = YES;
				CLANG_WARN_UNGUARDED_AVAILABILITY = YES_AGGRESSIVE;
				CLANG_WARN_UNREACHABLE_CODE = YES;
				CLANG_WARN__DUPLICATE_METHOD_MATCH = YES;
				COPY_PHASE_STRIP = NO;
				DEBUG_INFORMATION_FORMAT = dwarf;
				ENABLE_STRICT_OBJC_MSGSEND = YES;
				ENABLE_TESTABILITY = YES;
				ENABLE_USER_SCRIPT_SANDBOXING = YES;
				GCC_C_LANGUAGE_STANDARD = gnu17;
				GCC_DYNAMIC_NO_PIC = NO;
				GCC_NO_COMMON_BLOCKS = YES;
				GCC_OPTIMIZATION_LEVEL = 0;
				GCC_PREPROCESSOR_DEFINITIONS = (
					"DEBUG=1",
					"$(inherited)",
				);
				GCC_WARN_64_TO_32_BIT_CONVERSION = YES;
				GCC_WARN_ABOUT_RETURN_TYPE = YES_ERROR;
				GCC_WARN_UNDECLARED_SELECTOR = YES;
				GCC_WARN_UNINITIALIZED_AUTOS = YES_AGGRESSIVE;
				GCC_WARN_UNUSED_FUNCTION = YES;
				GCC_WARN_UNUSED_VARIABLE = YES;
				IPHONEOS_DEPLOYMENT_TARGET = 17.0;
				LOCALIZATION_PREFERS_STRING_CATALOGS = YES;
				MTL_ENABLE_DEBUG_INFO = INCLUDE_SOURCE;
				MTL_FAST_MATH = YES;
				ONLY_ACTIVE_ARCH = YES;
				SDKROOT = iphoneos;
				SWIFT_ACTIVE_COMPILATION_CONDITIONS = "DEBUG $(inherited)";
				SWIFT_OPTIMIZATION_LEVEL = "-Onone";
			};
			name = Debug;
		};
		642A11092B7F06BD003007A1 /* Release */ = {
			isa = XCBuildConfiguration;
			buildSettings = {
				ALWAYS_SEARCH_USER_PATHS = NO;
				ASSETCATALOG_COMPILER_GENERATE_SWIFT_ASSET_SYMBOL_EXTENSIONS = YES;
				CLANG_ANALYZER_NONNULL = YES;
				CLANG_ANALYZER_NUMBER_OBJECT_CONVERSION = YES_AGGRESSIVE;
				CLANG_CXX_LANGUAGE_STANDARD = "gnu++20";
				CLANG_ENABLE_MODULES = YES;
				CLANG_ENABLE_OBJC_ARC = YES;
				CLANG_ENABLE_OBJC_WEAK = YES;
				CLANG_WARN_BLOCK_CAPTURE_AUTORELEASING = YES;
				CLANG_WARN_BOOL_CONVERSION = YES;
				CLANG_WARN_COMMA = YES;
				CLANG_WARN_CONSTANT_CONVERSION = YES;
				CLANG_WARN_DEPRECATED_OBJC_IMPLEMENTATIONS = YES;
				CLANG_WARN_DIRECT_OBJC_ISA_USAGE = YES_ERROR;
				CLANG_WARN_DOCUMENTATION_COMMENTS = YES;
				CLANG_WARN_EMPTY_BODY = YES;
				CLANG_WARN_ENUM_CONVERSION = YES;
				CLANG_WARN_INFINITE_RECURSION = YES;
				CLANG_WARN_INT_CONVERSION = YES;
				CLANG_WARN_NON_LITERAL_NULL_CONVERSION = YES;
				CLANG_WARN_OBJC_IMPLICIT_RETAIN_SELF = YES;
				CLANG_WARN_OBJC_LITERAL_CONVERSION = YES;
				CLANG_WARN_OBJC_ROOT_CLASS = YES_ERROR;
				CLANG_WARN_QUOTED_INCLUDE_IN_FRAMEWORK_HEADER = YES;
				CLANG_WARN_RANGE_LOOP_ANALYSIS = YES;
				CLANG_WARN_STRICT_PROTOTYPES = YES;
				CLANG_WARN_SUSPICIOUS_MOVE = YES;
				CLANG_WARN_UNGUARDED_AVAILABILITY = YES_AGGRESSIVE;
				CLANG_WARN_UNREACHABLE_CODE = YES;
				CLANG_WARN__DUPLICATE_METHOD_MATCH = YES;
				COPY_PHASE_STRIP = NO;
				DEBUG_INFORMATION_FORMAT = "dwarf-with-dsym";
				ENABLE_NS_ASSERTIONS = NO;
				ENABLE_STRICT_OBJC_MSGSEND = YES;
				ENABLE_USER_SCRIPT_SANDBOXING = YES;
				GCC_C_LANGUAGE_STANDARD = gnu17;
				GCC_NO_COMMON_BLOCKS = YES;
				GCC_WARN_64_TO_32_BIT_CONVERSION = YES;
				GCC_WARN_ABOUT_RETURN_TYPE = YES_ERROR;
				GCC_WARN_UNDECLARED_SELECTOR = YES;
				GCC_WARN_UNINITIALIZED_AUTOS = YES_AGGRESSIVE;
				GCC_WARN_UNUSED_FUNCTION = YES;
				GCC_WARN_UNUSED_VARIABLE = YES;
				IPHONEOS_DEPLOYMENT_TARGET = 17.0;
				LOCALIZATION_PREFERS_STRING_CATALOGS = YES;
				MTL_ENABLE_DEBUG_INFO = NO;
				MTL_FAST_MATH = YES;
				SDKROOT = iphoneos;
				SWIFT_COMPILATION_MODE = wholemodule;
				VALIDATE_PRODUCT = YES;
			};
			name = Release;
		};
		642A110B2B7F06BD003007A1 /* Debug */ = {
			isa = XCBuildConfiguration;
			buildSettings = {
				ASSETCATALOG_COMPILER_APPICON_NAME = AppIcon;
				ASSETCATALOG_COMPILER_GLOBAL_ACCENT_COLOR_NAME = AccentColor;
				CODE_SIGN_STYLE = Automatic;
				CURRENT_PROJECT_VERSION = 1;
				DEVELOPMENT_ASSET_PATHS = "\"TagSample/Preview Content\"";
				DEVELOPMENT_TEAM = QC8NW9PFKL;
				ENABLE_PREVIEWS = YES;
				GENERATE_INFOPLIST_FILE = YES;
				INFOPLIST_FILE = TagSample/Info.plist;
				INFOPLIST_KEY_UIApplicationSceneManifest_Generation = YES;
				INFOPLIST_KEY_UIApplicationSupportsIndirectInputEvents = YES;
				INFOPLIST_KEY_UILaunchScreen_Generation = YES;
				INFOPLIST_KEY_UISupportedInterfaceOrientations_iPad = "UIInterfaceOrientationPortrait UIInterfaceOrientationPortraitUpsideDown UIInterfaceOrientationLandscapeLeft UIInterfaceOrientationLandscapeRight";
				INFOPLIST_KEY_UISupportedInterfaceOrientations_iPhone = "UIInterfaceOrientationPortrait UIInterfaceOrientationLandscapeLeft UIInterfaceOrientationLandscapeRight";
				LD_RUNPATH_SEARCH_PATHS = (
					"$(inherited)",
					"@executable_path/Frameworks",
				);
				MARKETING_VERSION = 1.0;
				PRODUCT_BUNDLE_IDENTIFIER = haruto.TagSample;
				PRODUCT_NAME = "$(TARGET_NAME)";
				SWIFT_EMIT_LOC_STRINGS = YES;
				SWIFT_VERSION = 5.0;
				TARGETED_DEVICE_FAMILY = "1,2";
			};
			name = Debug;
		};
		642A110C2B7F06BD003007A1 /* Release */ = {
			isa = XCBuildConfiguration;
			buildSettings = {
				ASSETCATALOG_COMPILER_APPICON_NAME = AppIcon;
				ASSETCATALOG_COMPILER_GLOBAL_ACCENT_COLOR_NAME = AccentColor;
				CODE_SIGN_STYLE = Automatic;
				CURRENT_PROJECT_VERSION = 1;
				DEVELOPMENT_ASSET_PATHS = "\"TagSample/Preview Content\"";
				DEVELOPMENT_TEAM = QC8NW9PFKL;
				ENABLE_PREVIEWS = YES;
				GENERATE_INFOPLIST_FILE = YES;
				INFOPLIST_FILE = TagSample/Info.plist;
				INFOPLIST_KEY_UIApplicationSceneManifest_Generation = YES;
				INFOPLIST_KEY_UIApplicationSupportsIndirectInputEvents = YES;
				INFOPLIST_KEY_UILaunchScreen_Generation = YES;
				INFOPLIST_KEY_UISupportedInterfaceOrientations_iPad = "UIInterfaceOrientationPortrait UIInterfaceOrientationPortraitUpsideDown UIInterfaceOrientationLandscapeLeft UIInterfaceOrientationLandscapeRight";
				INFOPLIST_KEY_UISupportedInterfaceOrientations_iPhone = "UIInterfaceOrientationPortrait UIInterfaceOrientationLandscapeLeft UIInterfaceOrientationLandscapeRight";
				LD_RUNPATH_SEARCH_PATHS = (
					"$(inherited)",
					"@executable_path/Frameworks",
				);
				MARKETING_VERSION = 1.0;
				PRODUCT_BUNDLE_IDENTIFIER = haruto.TagSample;
				PRODUCT_NAME = "$(TARGET_NAME)";
				SWIFT_EMIT_LOC_STRINGS = YES;
				SWIFT_VERSION = 5.0;
				TARGETED_DEVICE_FAMILY = "1,2";
			};
			name = Release;
		};
		642A110E2B7F06BD003007A1 /* Debug */ = {
			isa = XCBuildConfiguration;
			buildSettings = {
				ALWAYS_EMBED_SWIFT_STANDARD_LIBRARIES = YES;
				BUNDLE_LOADER = "$(TEST_HOST)";
				CODE_SIGN_STYLE = Automatic;
				CURRENT_PROJECT_VERSION = 1;
				DEVELOPMENT_TEAM = QC8NW9PFKL;
				GENERATE_INFOPLIST_FILE = YES;
				IPHONEOS_DEPLOYMENT_TARGET = 17.0;
				MARKETING_VERSION = 1.0;
				PRODUCT_BUNDLE_IDENTIFIER = haruto.TagSampleTests;
				PRODUCT_NAME = "$(TARGET_NAME)";
				SWIFT_EMIT_LOC_STRINGS = NO;
				SWIFT_VERSION = 5.0;
				TARGETED_DEVICE_FAMILY = "1,2";
				TEST_HOST = "$(BUILT_PRODUCTS_DIR)/TagSample.app/$(BUNDLE_EXECUTABLE_FOLDER_PATH)/TagSample";
			};
			name = Debug;
		};
		642A110F2B7F06BD003007A1 /* Release */ = {
			isa = XCBuildConfiguration;
			buildSettings = {
				ALWAYS_EMBED_SWIFT_STANDARD_LIBRARIES = YES;
				BUNDLE_LOADER = "$(TEST_HOST)";
				CODE_SIGN_STYLE = Automatic;
				CURRENT_PROJECT_VERSION = 1;
				DEVELOPMENT_TEAM = QC8NW9PFKL;
				GENERATE_INFOPLIST_FILE = YES;
				IPHONEOS_DEPLOYMENT_TARGET = 17.0;
				MARKETING_VERSION = 1.0;
				PRODUCT_BUNDLE_IDENTIFIER = haruto.TagSampleTests;
				PRODUCT_NAME = "$(TARGET_NAME)";
				SWIFT_EMIT_LOC_STRINGS = NO;
				SWIFT_VERSION = 5.0;
				TARGETED_DEVICE_FAMILY = "1,2";
				TEST_HOST = "$(BUILT_PRODUCTS_DIR)/TagSample.app/$(BUNDLE_EXECUTABLE_FOLDER_PATH)/TagSample";
			};
			name = Release;
		};
		642A11112B7F06BD003007A1 /* Debug */ = {
			isa = XCBuildConfiguration;
			buildSettings = {
				ALWAYS_EMBED_SWIFT_STANDARD_LIBRARIES = YES;
				CODE_SIGN_STYLE = Automatic;
				CURRENT_PROJECT_VERSION = 1;
				DEVELOPMENT_TEAM = QC8NW9PFKL;
				GENERATE_INFOPLIST_FILE = YES;
				MARKETING_VERSION = 1.0;
				PRODUCT_BUNDLE_IDENTIFIER = haruto.TagSampleUITests;
				PRODUCT_NAME = "$(TARGET_NAME)";
				SWIFT_EMIT_LOC_STRINGS = NO;
				SWIFT_VERSION = 5.0;
				TARGETED_DEVICE_FAMILY = "1,2";
				TEST_TARGET_NAME = TagSample;
			};
			name = Debug;
		};
		642A11122B7F06BD003007A1 /* Release */ = {
			isa = XCBuildConfiguration;
			buildSettings = {
				ALWAYS_EMBED_SWIFT_STANDARD_LIBRARIES = YES;
				CODE_SIGN_STYLE = Automatic;
				CURRENT_PROJECT_VERSION = 1;
				DEVELOPMENT_TEAM = QC8NW9PFKL;
				GENERATE_INFOPLIST_FILE = YES;
				MARKETING_VERSION = 1.0;
				PRODUCT_BUNDLE_IDENTIFIER = haruto.TagSampleUITests;
				PRODUCT_NAME = "$(TARGET_NAME)";
				SWIFT_EMIT_LOC_STRINGS = NO;
				SWIFT_VERSION = 5.0;
				TARGETED_DEVICE_FAMILY = "1,2";
				TEST_TARGET_NAME = TagSample;
			};
			name = Release;
		};
/* End XCBuildConfiguration section */

/* Begin XCConfigurationList section */
		642A10E12B7F06BC003007A1 /* Build configuration list for PBXProject "TagSample" */ = {
			isa = XCConfigurationList;
			buildConfigurations = (
				642A11082B7F06BD003007A1 /* Debug */,
				642A11092B7F06BD003007A1 /* Release */,
			);
			defaultConfigurationIsVisible = 0;
			defaultConfigurationName = Release;
		};
		642A110A2B7F06BD003007A1 /* Build configuration list for PBXNativeTarget "TagSample" */ = {
			isa = XCConfigurationList;
			buildConfigurations = (
				642A110B2B7F06BD003007A1 /* Debug */,
				642A110C2B7F06BD003007A1 /* Release */,
			);
			defaultConfigurationIsVisible = 0;
			defaultConfigurationName = Release;
		};
		642A110D2B7F06BD003007A1 /* Build configuration list for PBXNativeTarget "TagSampleTests" */ = {
			isa = XCConfigurationList;
			buildConfigurations = (
				642A110E2B7F06BD003007A1 /* Debug */,
				642A110F2B7F06BD003007A1 /* Release */,
			);
			defaultConfigurationIsVisible = 0;
			defaultConfigurationName = Release;
		};
		642A11102B7F06BD003007A1 /* Build configuration list for PBXNativeTarget "TagSampleUITests" */ = {
			isa = XCConfigurationList;
			buildConfigurations = (
				642A11112B7F06BD003007A1 /* Debug */,
				642A11122B7F06BD003007A1 /* Release */,
			);
			defaultConfigurationIsVisible = 0;
			defaultConfigurationName = Release;
		};
/* End XCConfigurationList section */
	};
	rootObject = 642A10DE2B7F06BC003007A1 /* Project object */;
}
